
Microsoft Visual Studio Solution File, Format Version 12.00
# Visual Studio Version 16
VisualStudioVersion = 16.0.30804.86
MinimumVisualStudioVersion = 10.0.40219.1
Project("{FAE04EC0-301F-11D3-BF4B-00C04F79EFBC}") = "KutuphaneProgrami", "KutuphaneProgrami\KutuphaneProgrami.csproj", "{A4E1824D-15F1-4465-A774-5015CD3AA784}"
EndProject
Project("{FAE04EC0-301F-11D3-BF4B-00C04F79EFBC}") = "DataLayer", "DataLayer\DataLayer.csproj", "{7C0AECE0-0523-4132-92D1-9E964C0292C4}"
EndProject
Project("{FAE04EC0-301F-11D3-BF4B-00C04F79EFBC}") = "Entities", "Entities\Entities.csproj", "{810B5C90-8865-45E2-8647-BDAF4A43FCCB}"
EndProject
Project("{FAE04EC0-301F-11D3-BF4B-00C04F79EFBC}") = "Service", "Service\Service.csproj", "{FCA9DF97-0AA2-486D-A839-4FFCC0CFF622}"
EndProject
Global
	GlobalSection(SolutionConfigurationPlatforms) = preSolution
		Debug|Any CPU = Debug|Any CPU
		Release|Any CPU = Release|Any CPU
	EndGlobalSection
	GlobalSection(ProjectConfigurationPlatforms) = postSolution
		{A4E1824D-15F1-4465-A774-5015CD3AA784}.Debug|Any CPU.ActiveCfg = Debug|Any CPU
		{A4E1824D-15F1-4465-A774-5015CD3AA784}.Debug|Any CPU.Build.0 = Debug|Any CPU
		{A4E1824D-15F1-4465-A774-5015CD3AA784}.Release|Any CPU.ActiveCfg = Release|Any CPU
		{A4E1824D-15F1-4465-A774-5015CD3AA784}.Release|Any CPU.Build.0 = Release|Any CPU
		{7C0AECE0-0523-4132-92D1-9E964C0292C4}.Debug|Any CPU.ActiveCfg = Debug|Any CPU
		{7C0AECE0-0523-4132-92D1-9E964C0292C4}.Debug|Any CPU.Build.0 = Debug|Any CPU
		{7C0AECE0-0523-4132-92D1-9E964C0292C4}.Release|Any CPU.ActiveCfg = Release|Any CPU
		{7C0AECE0-0523-4132-92D1-9E964C0292C4}.Release|Any CPU.Build.0 = Release|Any CPU
		{810B5C90-8865-45E2-8647-BDAF4A43FCCB}.Debug|Any CPU.ActiveCfg = Debug|Any CPU
		{810B5C90-8865-45E2-8647-BDAF4A43FCCB}.Debug|Any CPU.Build.0 = Debug|Any CPU
		{810B5C90-8865-45E2-8647-BDAF4A43FCCB}.Release|Any CPU.ActiveCfg = Release|Any CPU
		{810B5C90-8865-45E2-8647-BDAF4A43FCCB}.Release|Any CPU.Build.0 = Release|Any CPU
		{FCA9DF97-0AA2-486D-A839-4FFCC0CFF622}.Debug|Any CPU.ActiveCfg = Debug|Any CPU
		{FCA9DF97-0AA2-486D-A839-4FFCC0CFF622}.Debug|Any CPU.Build.0 = Debug|Any CPU
		{FCA9DF97-0AA2-486D-A839-4FFCC0CFF622}.Release|Any CPU.ActiveCfg = Release|Any CPU
		{FCA9DF97-0AA2-486D-A839-4FFCC0CFF622}.Release|Any CPU.Build.0 = Release|Any CPU
	EndGlobalSection
	GlobalSection(SolutionProperties) = preSolution
		HideSolutionNode = FALSE
	EndGlobalSection
	GlobalSection(ExtensibilityGlobals) = postSolution
		SolutionGuid = {EBBB67D9-C244-4198-93B1-FB9D82A60D6C}
	EndGlobalSection
EndGlobal
